
Microsoft Visual Studio Solution File, Format Version 12.00
# Visual Studio Version 16
VisualStudioVersion = 16.0.29709.97
MinimumVisualStudioVersion = 10.0.40219.1
Project("{FAE04EC0-301F-11D3-BF4B-00C04F79EFBC}") = "ChessGame", "ChessGame\ChessGame.csproj", "{2C6DAC58-442D-4C8D-8827-2A04BBEC910B}"
EndProject
Global
	GlobalSection(SolutionConfigurationPlatforms) = preSolution
		Debug|Any CPU = Debug|Any CPU
		Release|Any CPU = Release|Any CPU
	EndGlobalSection
	GlobalSection(ProjectConfigurationPlatforms) = postSolution
		{2C6DAC58-442D-4C8D-8827-2A04BBEC910B}.Debug|Any CPU.ActiveCfg = Debug|Any CPU
		{2C6DAC58-442D-4C8D-8827-2A04BBEC910B}.Debug|Any CPU.Build.0 = Debug|Any CPU
		{2C6DAC58-442D-4C8D-8827-2A04BBEC910B}.Release|Any CPU.ActiveCfg = Release|Any CPU
		{2C6DAC58-442D-4C8D-8827-2A04BBEC910B}.Release|Any CPU.Build.0 = Release|Any CPU
	EndGlobalSection
	GlobalSection(SolutionProperties) = preSolution
		HideSolutionNode = FALSE
	EndGlobalSection
	GlobalSection(ExtensibilityGlobals) = postSolution
		SolutionGuid = {C748A564-FBBF-4535-BB13-D89BB3E350A4}
	EndGlobalSection
EndGlobal
